
Microsoft Visual Studio Solution File, Format Version 12.00
# Visual Studio Version 16
VisualStudioVersion = 16.0.29209.62
MinimumVisualStudioVersion = 10.0.40219.1
Project("{FAE04EC0-301F-11D3-BF4B-00C04F79EFBC}") = "RacingClub.Api", "RacingClub.Api\RacingClub.Api.csproj", "{B8187611-3D6F-4EED-BF86-DEA942E9E10B}"
EndProject
Project("{2150E333-8FDC-42A3-9474-1A3956D46DE8}") = "Tech", "Tech", "{3C4A902D-9225-4BAA-94FC-9358B7DF087B}"
EndProject
Project("{FAE04EC0-301F-11D3-BF4B-00C04F79EFBC}") = "Tech.Core", "Tech.Core\Tech.Core.csproj", "{5E9775E5-5F50-4C4E-9637-714061513E12}"
EndProject
Project("{FAE04EC0-301F-11D3-BF4B-00C04F79EFBC}") = "Tech.Domain", "Tech.Domain\Tech.Domain.csproj", "{69D605E2-1C48-4769-9818-20B2798DA7B2}"
EndProject
Project("{FAE04EC0-301F-11D3-BF4B-00C04F79EFBC}") = "Tech.Services", "Tech.Services\Tech.Services.csproj", "{B6FCDC25-EA27-42FC-B938-8D2172673B9B}"
EndProject
Project("{FAE04EC0-301F-11D3-BF4B-00C04F79EFBC}") = "Tech.DI", "Tech.DI\Tech.DI.csproj", "{81705539-3736-4238-AECB-B617E41210FA}"
EndProject
Project("{FAE04EC0-301F-11D3-BF4B-00C04F79EFBC}") = "Tech.DataAccess", "Tech.DataAccess\Tech.DataAccess.csproj", "{05B3193D-45F3-476D-A7F3-4FCDF01AC609}"
EndProject
Project("{2150E333-8FDC-42A3-9474-1A3956D46DE8}") = "Finance", "Finance", "{EF248DE7-E994-4B06-B1C9-6A66A34914D5}"
EndProject
Project("{FAE04EC0-301F-11D3-BF4B-00C04F79EFBC}") = "Finance.Core", "Finance.Core\Finance.Core.csproj", "{0A68187C-0F73-4615-8513-E4DCB60A24C5}"
EndProject
Project("{FAE04EC0-301F-11D3-BF4B-00C04F79EFBC}") = "Finance.Services", "Finance.Services\Finance.Services.csproj", "{7CC4057F-A723-4C35-9CA7-4F0DDB5E723E}"
EndProject
Project("{FAE04EC0-301F-11D3-BF4B-00C04F79EFBC}") = "Finance.DataAccess", "Finance.DataAccess\Finance.DataAccess.csproj", "{7A959884-2FEB-4D1F-8905-7FE1752FD340}"
EndProject
Project("{FAE04EC0-301F-11D3-BF4B-00C04F79EFBC}") = "Finance.DI", "Finance.DI\Finance.DI.csproj", "{C124751B-0627-48DD-9C07-972DEE1C682D}"
EndProject
Project("{FAE04EC0-301F-11D3-BF4B-00C04F79EFBC}") = "Finance.Domain", "Finance.Domain\Finance.Domain.csproj", "{909842C1-1BB1-46AB-92B0-4F1843A49F18}"
EndProject
Global
	GlobalSection(SolutionConfigurationPlatforms) = preSolution
		Debug|Any CPU = Debug|Any CPU
		Release|Any CPU = Release|Any CPU
	EndGlobalSection
	GlobalSection(ProjectConfigurationPlatforms) = postSolution
		{B8187611-3D6F-4EED-BF86-DEA942E9E10B}.Debug|Any CPU.ActiveCfg = Debug|Any CPU
		{B8187611-3D6F-4EED-BF86-DEA942E9E10B}.Debug|Any CPU.Build.0 = Debug|Any CPU
		{B8187611-3D6F-4EED-BF86-DEA942E9E10B}.Release|Any CPU.ActiveCfg = Release|Any CPU
		{B8187611-3D6F-4EED-BF86-DEA942E9E10B}.Release|Any CPU.Build.0 = Release|Any CPU
		{5E9775E5-5F50-4C4E-9637-714061513E12}.Debug|Any CPU.ActiveCfg = Debug|Any CPU
		{5E9775E5-5F50-4C4E-9637-714061513E12}.Debug|Any CPU.Build.0 = Debug|Any CPU
		{5E9775E5-5F50-4C4E-9637-714061513E12}.Release|Any CPU.ActiveCfg = Release|Any CPU
		{5E9775E5-5F50-4C4E-9637-714061513E12}.Release|Any CPU.Build.0 = Release|Any CPU
		{69D605E2-1C48-4769-9818-20B2798DA7B2}.Debug|Any CPU.ActiveCfg = Debug|Any CPU
		{69D605E2-1C48-4769-9818-20B2798DA7B2}.Debug|Any CPU.Build.0 = Debug|Any CPU
		{69D605E2-1C48-4769-9818-20B2798DA7B2}.Release|Any CPU.ActiveCfg = Release|Any CPU
		{69D605E2-1C48-4769-9818-20B2798DA7B2}.Release|Any CPU.Build.0 = Release|Any CPU
		{B6FCDC25-EA27-42FC-B938-8D2172673B9B}.Debug|Any CPU.ActiveCfg = Debug|Any CPU
		{B6FCDC25-EA27-42FC-B938-8D2172673B9B}.Debug|Any CPU.Build.0 = Debug|Any CPU
		{B6FCDC25-EA27-42FC-B938-8D2172673B9B}.Release|Any CPU.ActiveCfg = Release|Any CPU
		{B6FCDC25-EA27-42FC-B938-8D2172673B9B}.Release|Any CPU.Build.0 = Release|Any CPU
		{81705539-3736-4238-AECB-B617E41210FA}.Debug|Any CPU.ActiveCfg = Debug|Any CPU
		{81705539-3736-4238-AECB-B617E41210FA}.Debug|Any CPU.Build.0 = Debug|Any CPU
		{81705539-3736-4238-AECB-B617E41210FA}.Release|Any CPU.ActiveCfg = Release|Any CPU
		{81705539-3736-4238-AECB-B617E41210FA}.Release|Any CPU.Build.0 = Release|Any CPU
		{05B3193D-45F3-476D-A7F3-4FCDF01AC609}.Debug|Any CPU.ActiveCfg = Debug|Any CPU
		{05B3193D-45F3-476D-A7F3-4FCDF01AC609}.Debug|Any CPU.Build.0 = Debug|Any CPU
		{05B3193D-45F3-476D-A7F3-4FCDF01AC609}.Release|Any CPU.ActiveCfg = Release|Any CPU
		{05B3193D-45F3-476D-A7F3-4FCDF01AC609}.Release|Any CPU.Build.0 = Release|Any CPU
		{0A68187C-0F73-4615-8513-E4DCB60A24C5}.Debug|Any CPU.ActiveCfg = Debug|Any CPU
		{0A68187C-0F73-4615-8513-E4DCB60A24C5}.Debug|Any CPU.Build.0 = Debug|Any CPU
		{0A68187C-0F73-4615-8513-E4DCB60A24C5}.Release|Any CPU.ActiveCfg = Release|Any CPU
		{0A68187C-0F73-4615-8513-E4DCB60A24C5}.Release|Any CPU.Build.0 = Release|Any CPU
		{7CC4057F-A723-4C35-9CA7-4F0DDB5E723E}.Debug|Any CPU.ActiveCfg = Debug|Any CPU
		{7CC4057F-A723-4C35-9CA7-4F0DDB5E723E}.Debug|Any CPU.Build.0 = Debug|Any CPU
		{7CC4057F-A723-4C35-9CA7-4F0DDB5E723E}.Release|Any CPU.ActiveCfg = Release|Any CPU
		{7CC4057F-A723-4C35-9CA7-4F0DDB5E723E}.Release|Any CPU.Build.0 = Release|Any CPU
		{7A959884-2FEB-4D1F-8905-7FE1752FD340}.Debug|Any CPU.ActiveCfg = Debug|Any CPU
		{7A959884-2FEB-4D1F-8905-7FE1752FD340}.Debug|Any CPU.Build.0 = Debug|Any CPU
		{7A959884-2FEB-4D1F-8905-7FE1752FD340}.Release|Any CPU.ActiveCfg = Release|Any CPU
		{7A959884-2FEB-4D1F-8905-7FE1752FD340}.Release|Any CPU.Build.0 = Release|Any CPU
		{C124751B-0627-48DD-9C07-972DEE1C682D}.Debug|Any CPU.ActiveCfg = Debug|Any CPU
		{C124751B-0627-48DD-9C07-972DEE1C682D}.Debug|Any CPU.Build.0 = Debug|Any CPU
		{C124751B-0627-48DD-9C07-972DEE1C682D}.Release|Any CPU.ActiveCfg = Release|Any CPU
		{C124751B-0627-48DD-9C07-972DEE1C682D}.Release|Any CPU.Build.0 = Release|Any CPU
		{909842C1-1BB1-46AB-92B0-4F1843A49F18}.Debug|Any CPU.ActiveCfg = Debug|Any CPU
		{909842C1-1BB1-46AB-92B0-4F1843A49F18}.Debug|Any CPU.Build.0 = Debug|Any CPU
		{909842C1-1BB1-46AB-92B0-4F1843A49F18}.Release|Any CPU.ActiveCfg = Release|Any CPU
		{909842C1-1BB1-46AB-92B0-4F1843A49F18}.Release|Any CPU.Build.0 = Release|Any CPU
	EndGlobalSection
	GlobalSection(SolutionProperties) = preSolution
		HideSolutionNode = FALSE
	EndGlobalSection
	GlobalSection(NestedProjects) = preSolution
		{5E9775E5-5F50-4C4E-9637-714061513E12} = {3C4A902D-9225-4BAA-94FC-9358B7DF087B}
		{69D605E2-1C48-4769-9818-20B2798DA7B2} = {3C4A902D-9225-4BAA-94FC-9358B7DF087B}
		{B6FCDC25-EA27-42FC-B938-8D2172673B9B} = {3C4A902D-9225-4BAA-94FC-9358B7DF087B}
		{81705539-3736-4238-AECB-B617E41210FA} = {3C4A902D-9225-4BAA-94FC-9358B7DF087B}
		{05B3193D-45F3-476D-A7F3-4FCDF01AC609} = {3C4A902D-9225-4BAA-94FC-9358B7DF087B}
		{0A68187C-0F73-4615-8513-E4DCB60A24C5} = {EF248DE7-E994-4B06-B1C9-6A66A34914D5}
		{7CC4057F-A723-4C35-9CA7-4F0DDB5E723E} = {EF248DE7-E994-4B06-B1C9-6A66A34914D5}
		{7A959884-2FEB-4D1F-8905-7FE1752FD340} = {EF248DE7-E994-4B06-B1C9-6A66A34914D5}
		{C124751B-0627-48DD-9C07-972DEE1C682D} = {EF248DE7-E994-4B06-B1C9-6A66A34914D5}
		{909842C1-1BB1-46AB-92B0-4F1843A49F18} = {EF248DE7-E994-4B06-B1C9-6A66A34914D5}
	EndGlobalSection
	GlobalSection(ExtensibilityGlobals) = postSolution
		SolutionGuid = {42404664-50C7-451E-9810-FD190C6C9498}
	EndGlobalSection
EndGlobal
